{
    "name": "sillybunny-regex-agent-themes",
    "version": "1.0.1",
    "lockfileVersion": 3,
    "requires": true,
    "packages": {
        "": {
            "name": "sillybunny-regex-agent-themes",
            "version": "1.0.1",
            "license": "AGPL-3.0",
            "devDependencies": {
                "@adobe/css-tools": "4.4.4"
            },
            "engines": {
                "node": ">=22.3.0"
            }
        },
        "node_modules/@adobe/css-tools": {
            "version": "4.4.4",
            "resolved": "https://registry.npmjs.org/@adobe/css-tools/-/css-tools-4.4.4.tgz",
            "integrity": "sha512-Elp+iwUx5rN5+Y8xLt5/GRoG20WGoDCQ/1Fb+1LiGtvwbDavuSk0jhD/eZdckHAuzcDzccnkv+rEjyWfRx18gg==",
            "dev": true,
            "license": "MIT"
        }
    }
}
